
Microsoft Visual Studio Solution File, Format Version 12.00
# Visual Studio Version 17
VisualStudioVersion = 17.13.35931.197 d17.13
MinimumVisualStudioVersion = 10.0.40219.1
Project("{FAE04EC0-301F-11D3-BF4B-00C04F79EFBC}") = "Restaurant_Gruduation", "Restaurant_Gruduation\Restaurant_Gruduation.csproj", "{87D9C51D-CDD4-4F96-9853-ECA301B5D0BC}"
EndProject
Global
	GlobalSection(SolutionConfigurationPlatforms) = preSolution
		Debug|Any CPU = Debug|Any CPU
		Release|Any CPU = Release|Any CPU
	EndGlobalSection
	GlobalSection(ProjectConfigurationPlatforms) = postSolution
		{87D9C51D-CDD4-4F96-9853-ECA301B5D0BC}.Debug|Any CPU.ActiveCfg = Debug|Any CPU
		{87D9C51D-CDD4-4F96-9853-ECA301B5D0BC}.Debug|Any CPU.Build.0 = Debug|Any CPU
		{87D9C51D-CDD4-4F96-9853-ECA301B5D0BC}.Release|Any CPU.ActiveCfg = Release|Any CPU
		{87D9C51D-CDD4-4F96-9853-ECA301B5D0BC}.Release|Any CPU.Build.0 = Release|Any CPU
	EndGlobalSection
	GlobalSection(SolutionProperties) = preSolution
		HideSolutionNode = FALSE
	EndGlobalSection
	GlobalSection(ExtensibilityGlobals) = postSolution
		SolutionGuid = {136E144E-26FE-4CD6-82D8-C3EE818BC24A}
	EndGlobalSection
EndGlobal
